<?xml version="1.0" encoding="utf-8"?>
<Project ToolsVersion="4.0" xmlns="http://schemas.microsoft.com/developer/msbuild/2003">
  <ItemGroup>
    <Filter Include="Source Files">
      <UniqueIdentifier>{4FC737F1-C7A5-4376-A066-2A32D752A2FF}</UniqueIdentifier>
      <Extensions>cpp;c;cc;cxx;c++;cppm;ixx;def;odl;idl;hpj;bat;asm;asmx</Extensions>
    </Filter>
    <Filter Include="Header Files">
      <UniqueIdentifier>{93995380-89BD-4b04-88EB-625FBE52EBFB}</UniqueIdentifier>
      <Extensions>h;hh;hpp;hxx;h++;hm;inl;inc;ipp;xsd</Extensions>
    </Filter>
    <Filter Include="Resource Files">
      <UniqueIdentifier>{67DA6AB6-F800-4c08-8B7A-83BB121AAD01}</UniqueIdentifier>
      <Extensions>rc;ico;cur;bmp;dlg;rc2;rct;bin;rgs;gif;jpg;jpeg;jpe;resx;tiff;tif;png;wav;mfcribbon-ms</Extensions>
    </Filter>
  </ItemGroup>
  <ItemGroup>
    <ClCompile Include="main.c">
      <Filter>Source Files</Filter>
    </ClCompile>
    <ClCompile Include="ic_config.c">
      <Filter>Source Files</Filter>
    </ClCompile>
    <ClCompile Include="ic_input.c">
      <Filter>Source Files</Filter>
    </ClCompile>
    <ClCompile Include="ic_input\inpt_keyboard.c">
      <Filter>Source Files</Filter>
    </ClCompile>
    <ClCompile Include="ic_input\inpt_gamepad.c">
      <Filter>Source Files</Filter>
    </ClCompile>
    <ClCompile Include="ic_camera.c">
      <Filter>Source Files</Filter>
    </ClCompile>
    <ClCompile Include="ic_vibtask.c">
      <Filter>Source Files</Filter>
    </ClCompile>
    <ClCompile Include="ic_socmagic.cpp">
      <Filter>Source Files</Filter>
    </ClCompile>
    <ClCompile Include="ic_sonicinput.c">
      <Filter>Source Files</Filter>
    </ClCompile>
    <ClCompile Include="ic_input\inpt_mouse.c">
      <Filter>Source Files</Filter>
    </ClCompile>
    <ClCompile Include="ic_window.c">
      <Filter>Source Files</Filter>
    </ClCompile>
    <ClCompile Include="ic_os.c">
      <Filter>Source Files</Filter>
    </ClCompile>
    <ClCompile Include="ic_input\inpt_mouse\mse_visualizer.c">
      <Filter>Source Files</Filter>
    </ClCompile>
    <ClCompile Include="ic_api.c">
      <Filter>Source Files</Filter>
    </ClCompile>
    <ClCompile Include="ic_api\icapi_keyboard.c">
      <Filter>Source Files</Filter>
    </ClCompile>
    <ClCompile Include="ic_sdl2.c">
      <Filter>Source Files</Filter>
    </ClCompile>
    <ClCompile Include="ic_api\icapi_sdl.c">
      <Filter>Source Files</Filter>
    </ClCompile>
    <ClCompile Include="ic_api\icapi_mouse.c">
      <Filter>Source Files</Filter>
    </ClCompile>
    <ClCompile Include="ic_api\icapi_gamepad.c">
      <Filter>Source Files</Filter>
    </ClCompile>
    <ClCompile Include="ic_api\icapi_user.c">
      <Filter>Source Files</Filter>
    </ClCompile>
    <ClCompile Include="ic_api\icapi_window.c">
      <Filter>Source Files</Filter>
    </ClCompile>
    <ClCompile Include="ic_api\icapi_config.c">
      <Filter>Source Files</Filter>
    </ClCompile>
    <ClCompile Include="ic_api\icapi_feature.c">
      <Filter>Source Files</Filter>
    </ClCompile>
  </ItemGroup>
  <ItemGroup>
    <None Include=".editorconfig" />
  </ItemGroup>
  <ItemGroup>
    <ClInclude Include="ic_config.h">
      <Filter>Header Files</Filter>
    </ClInclude>
    <ClInclude Include="ic_core.h">
      <Filter>Header Files</Filter>
    </ClInclude>
    <ClInclude Include="ic_input.h">
      <Filter>Header Files</Filter>
    </ClInclude>
    <ClInclude Include="ic_input\inpt_internal.h">
      <Filter>Header Files</Filter>
    </ClInclude>
    <ClInclude Include="ic_socmagic.h">
      <Filter>Header Files</Filter>
    </ClInclude>
    <ClInclude Include="ic_sonicinput.h">
      <Filter>Header Files</Filter>
    </ClInclude>
    <ClInclude Include="ic_window.h">
      <Filter>Header Files</Filter>
    </ClInclude>
    <ClInclude Include="ic_os.h">
      <Filter>Header Files</Filter>
    </ClInclude>
    <ClInclude Include="ic_wndmsg.h">
      <Filter>Header Files</Filter>
    </ClInclude>
    <ClInclude Include="ic_input\inpt_mouse\mse_internal.h">
      <Filter>Header Files</Filter>
    </ClInclude>
    <ClInclude Include="ic_config\cnf_def.h">
      <Filter>Header Files</Filter>
    </ClInclude>
    <ClInclude Include="ic_vibtask.h">
      <Filter>Header Files</Filter>
    </ClInclude>
    <ClInclude Include="ic_camera.h">
      <Filter>Header Files</Filter>
    </ClInclude>
    <ClInclude Include="ic_api\icapi_internal.h">
      <Filter>Header Files</Filter>
    </ClInclude>
    <ClInclude Include="ic_api.h">
      <Filter>Header Files</Filter>
    </ClInclude>
    <ClInclude Include="ic_limits.h">
      <Filter>Header Files</Filter>
    </ClInclude>
    <ClInclude Include="ic_sdl2.h">
      <Filter>Header Files</Filter>
    </ClInclude>
    <ClInclude Include="ic_feature.h">
      <Filter>Header Files</Filter>
    </ClInclude>
  </ItemGroup>
</Project>